
Microsoft Visual Studio Solution File, Format Version 12.00
# Visual Studio Version 16
VisualStudioVersion = 16.0.30114.105
MinimumVisualStudioVersion = 10.0.40219.1
Project("{FAE04EC0-301F-11D3-BF4B-00C04F79EFBC}") = "ProEventos.Application", "ProEventos.Application\ProEventos.Application.csproj", "{88F6315A-65CE-4310-8C2F-5B31F80E843D}"
EndProject
Project("{FAE04EC0-301F-11D3-BF4B-00C04F79EFBC}") = "ProEventos.API", "ProEventos.API\ProEventos.API.csproj", "{E1C36AC4-625B-41AC-93B5-023C9E38169B}"
EndProject
Project("{FAE04EC0-301F-11D3-BF4B-00C04F79EFBC}") = "ProEventos.Domain", "ProEventos.Domain\ProEventos.Domain.csproj", "{E39011F7-D017-4201-B75D-E090FEA0A889}"
EndProject
Project("{FAE04EC0-301F-11D3-BF4B-00C04F79EFBC}") = "ProEventos.Persistence", "ProEventos.Persistence\ProEventos.Persistence.csproj", "{468BC7A0-D9B4-4959-8E56-63150439E0AB}"
EndProject
Global
	GlobalSection(SolutionConfigurationPlatforms) = preSolution
		Debug|Any CPU = Debug|Any CPU
		Debug|x64 = Debug|x64
		Debug|x86 = Debug|x86
		Release|Any CPU = Release|Any CPU
		Release|x64 = Release|x64
		Release|x86 = Release|x86
	EndGlobalSection
	GlobalSection(SolutionProperties) = preSolution
		HideSolutionNode = FALSE
	EndGlobalSection
	GlobalSection(ProjectConfigurationPlatforms) = postSolution
		{88F6315A-65CE-4310-8C2F-5B31F80E843D}.Debug|Any CPU.ActiveCfg = Debug|Any CPU
		{88F6315A-65CE-4310-8C2F-5B31F80E843D}.Debug|Any CPU.Build.0 = Debug|Any CPU
		{88F6315A-65CE-4310-8C2F-5B31F80E843D}.Debug|x64.ActiveCfg = Debug|Any CPU
		{88F6315A-65CE-4310-8C2F-5B31F80E843D}.Debug|x64.Build.0 = Debug|Any CPU
		{88F6315A-65CE-4310-8C2F-5B31F80E843D}.Debug|x86.ActiveCfg = Debug|Any CPU
		{88F6315A-65CE-4310-8C2F-5B31F80E843D}.Debug|x86.Build.0 = Debug|Any CPU
		{88F6315A-65CE-4310-8C2F-5B31F80E843D}.Release|Any CPU.ActiveCfg = Release|Any CPU
		{88F6315A-65CE-4310-8C2F-5B31F80E843D}.Release|Any CPU.Build.0 = Release|Any CPU
		{88F6315A-65CE-4310-8C2F-5B31F80E843D}.Release|x64.ActiveCfg = Release|Any CPU
		{88F6315A-65CE-4310-8C2F-5B31F80E843D}.Release|x64.Build.0 = Release|Any CPU
		{88F6315A-65CE-4310-8C2F-5B31F80E843D}.Release|x86.ActiveCfg = Release|Any CPU
		{88F6315A-65CE-4310-8C2F-5B31F80E843D}.Release|x86.Build.0 = Release|Any CPU
		{E1C36AC4-625B-41AC-93B5-023C9E38169B}.Debug|Any CPU.ActiveCfg = Debug|Any CPU
		{E1C36AC4-625B-41AC-93B5-023C9E38169B}.Debug|Any CPU.Build.0 = Debug|Any CPU
		{E1C36AC4-625B-41AC-93B5-023C9E38169B}.Debug|x64.ActiveCfg = Debug|Any CPU
		{E1C36AC4-625B-41AC-93B5-023C9E38169B}.Debug|x64.Build.0 = Debug|Any CPU
		{E1C36AC4-625B-41AC-93B5-023C9E38169B}.Debug|x86.ActiveCfg = Debug|Any CPU
		{E1C36AC4-625B-41AC-93B5-023C9E38169B}.Debug|x86.Build.0 = Debug|Any CPU
		{E1C36AC4-625B-41AC-93B5-023C9E38169B}.Release|Any CPU.ActiveCfg = Release|Any CPU
		{E1C36AC4-625B-41AC-93B5-023C9E38169B}.Release|Any CPU.Build.0 = Release|Any CPU
		{E1C36AC4-625B-41AC-93B5-023C9E38169B}.Release|x64.ActiveCfg = Release|Any CPU
		{E1C36AC4-625B-41AC-93B5-023C9E38169B}.Release|x64.Build.0 = Release|Any CPU
		{E1C36AC4-625B-41AC-93B5-023C9E38169B}.Release|x86.ActiveCfg = Release|Any CPU
		{E1C36AC4-625B-41AC-93B5-023C9E38169B}.Release|x86.Build.0 = Release|Any CPU
		{E39011F7-D017-4201-B75D-E090FEA0A889}.Debug|Any CPU.ActiveCfg = Debug|Any CPU
		{E39011F7-D017-4201-B75D-E090FEA0A889}.Debug|Any CPU.Build.0 = Debug|Any CPU
		{E39011F7-D017-4201-B75D-E090FEA0A889}.Debug|x64.ActiveCfg = Debug|Any CPU
		{E39011F7-D017-4201-B75D-E090FEA0A889}.Debug|x64.Build.0 = Debug|Any CPU
		{E39011F7-D017-4201-B75D-E090FEA0A889}.Debug|x86.ActiveCfg = Debug|Any CPU
		{E39011F7-D017-4201-B75D-E090FEA0A889}.Debug|x86.Build.0 = Debug|Any CPU
		{E39011F7-D017-4201-B75D-E090FEA0A889}.Release|Any CPU.ActiveCfg = Release|Any CPU
		{E39011F7-D017-4201-B75D-E090FEA0A889}.Release|Any CPU.Build.0 = Release|Any CPU
		{E39011F7-D017-4201-B75D-E090FEA0A889}.Release|x64.ActiveCfg = Release|Any CPU
		{E39011F7-D017-4201-B75D-E090FEA0A889}.Release|x64.Build.0 = Release|Any CPU
		{E39011F7-D017-4201-B75D-E090FEA0A889}.Release|x86.ActiveCfg = Release|Any CPU
		{E39011F7-D017-4201-B75D-E090FEA0A889}.Release|x86.Build.0 = Release|Any CPU
		{468BC7A0-D9B4-4959-8E56-63150439E0AB}.Debug|Any CPU.ActiveCfg = Debug|Any CPU
		{468BC7A0-D9B4-4959-8E56-63150439E0AB}.Debug|Any CPU.Build.0 = Debug|Any CPU
		{468BC7A0-D9B4-4959-8E56-63150439E0AB}.Debug|x64.ActiveCfg = Debug|Any CPU
		{468BC7A0-D9B4-4959-8E56-63150439E0AB}.Debug|x64.Build.0 = Debug|Any CPU
		{468BC7A0-D9B4-4959-8E56-63150439E0AB}.Debug|x86.ActiveCfg = Debug|Any CPU
		{468BC7A0-D9B4-4959-8E56-63150439E0AB}.Debug|x86.Build.0 = Debug|Any CPU
		{468BC7A0-D9B4-4959-8E56-63150439E0AB}.Release|Any CPU.ActiveCfg = Release|Any CPU
		{468BC7A0-D9B4-4959-8E56-63150439E0AB}.Release|Any CPU.Build.0 = Release|Any CPU
		{468BC7A0-D9B4-4959-8E56-63150439E0AB}.Release|x64.ActiveCfg = Release|Any CPU
		{468BC7A0-D9B4-4959-8E56-63150439E0AB}.Release|x64.Build.0 = Release|Any CPU
		{468BC7A0-D9B4-4959-8E56-63150439E0AB}.Release|x86.ActiveCfg = Release|Any CPU
		{468BC7A0-D9B4-4959-8E56-63150439E0AB}.Release|x86.Build.0 = Release|Any CPU
	EndGlobalSection
EndGlobal
